
Microsoft Visual Studio Solution File, Format Version 12.00
# Visual Studio Version 16
VisualStudioVersion = 16.0.30523.141
MinimumVisualStudioVersion = 10.0.40219.1
Project("{FAE04EC0-301F-11D3-BF4B-00C04F79EFBC}") = "EvidencijaAvioKarata", "EvidencijaAvioKarata\EvidencijaAvioKarata.csproj", "{CCC8C88B-8472-4DD9-95C3-2BB119EF6F1A}"
EndProject
Global
	GlobalSection(SolutionConfigurationPlatforms) = preSolution
		Debug|Any CPU = Debug|Any CPU
		Release|Any CPU = Release|Any CPU
	EndGlobalSection
	GlobalSection(ProjectConfigurationPlatforms) = postSolution
		{CCC8C88B-8472-4DD9-95C3-2BB119EF6F1A}.Debug|Any CPU.ActiveCfg = Debug|Any CPU
		{CCC8C88B-8472-4DD9-95C3-2BB119EF6F1A}.Debug|Any CPU.Build.0 = Debug|Any CPU
		{CCC8C88B-8472-4DD9-95C3-2BB119EF6F1A}.Release|Any CPU.ActiveCfg = Release|Any CPU
		{CCC8C88B-8472-4DD9-95C3-2BB119EF6F1A}.Release|Any CPU.Build.0 = Release|Any CPU
	EndGlobalSection
	GlobalSection(SolutionProperties) = preSolution
		HideSolutionNode = FALSE
	EndGlobalSection
	GlobalSection(ExtensibilityGlobals) = postSolution
		SolutionGuid = {C392D40A-C816-4A27-B6F5-EC0212448C3A}
	EndGlobalSection
EndGlobal
